{
  "object": {
    "pins": [
      {
        "package": "CSQLite",
        "repositoryURL": "https://github.com/stephencelis/CSQLite.git",
        "state": {
          "branch": null,
          "revision": "9106e983d5e3d5149ee35281ec089484b0def018",
          "version": "0.0.3"
        }
      },
      {
        "package": "SQLite.swift",
        "repositoryURL": "https://github.com/stephencelis/SQLite.swift.git",
        "state": {
          "branch": null,
          "revision": "210098546d59678f720e4ef67f8b562acfebbdb0",
          "version": "0.11.5"
        }
      }
    ]
  },
  "version": 1
}
